
Microsoft Visual Studio Solution File, Format Version 12.00
# Visual Studio 15
VisualStudioVersion = 15.0.26124.0
MinimumVisualStudioVersion = 15.0.26124.0
Project("{FAE04EC0-301F-11D3-BF4B-00C04F79EFBC}") = "Acidmanic.Utilities.Reflection", "Acidmanic.Utilities.Reflection\Acidmanic.Utilities.Reflection.csproj", "{AF09DB22-C9A8-44C1-B8F7-F300741100FF}"
EndProject
Project("{FAE04EC0-301F-11D3-BF4B-00C04F79EFBC}") = "Reflection.Test.Functional", "Reflection.Test.Functional\Reflection.Test.Functional.csproj", "{13F1891C-8951-4AAE-95F7-1CAD12FBBFC8}"
EndProject
Project("{2150E333-8FDC-42A3-9474-1A3956D46DE8}") = "Documentation", "Documentation", "{DE100F57-CAAC-4E58-BDCC-E0B11177F4D7}"
ProjectSection(SolutionItems) = preProject
	Readme.md = Readme.md
	Changelog.md = Changelog.md
EndProjectSection
EndProject
Global
	GlobalSection(SolutionConfigurationPlatforms) = preSolution
		Debug|Any CPU = Debug|Any CPU
		Debug|x64 = Debug|x64
		Debug|x86 = Debug|x86
		Release|Any CPU = Release|Any CPU
		Release|x64 = Release|x64
		Release|x86 = Release|x86
	EndGlobalSection
	GlobalSection(SolutionProperties) = preSolution
		HideSolutionNode = FALSE
	EndGlobalSection
	GlobalSection(ProjectConfigurationPlatforms) = postSolution
		{AF09DB22-C9A8-44C1-B8F7-F300741100FF}.Debug|Any CPU.ActiveCfg = Debug|Any CPU
		{AF09DB22-C9A8-44C1-B8F7-F300741100FF}.Debug|Any CPU.Build.0 = Debug|Any CPU
		{AF09DB22-C9A8-44C1-B8F7-F300741100FF}.Debug|x64.ActiveCfg = Debug|Any CPU
		{AF09DB22-C9A8-44C1-B8F7-F300741100FF}.Debug|x64.Build.0 = Debug|Any CPU
		{AF09DB22-C9A8-44C1-B8F7-F300741100FF}.Debug|x86.ActiveCfg = Debug|Any CPU
		{AF09DB22-C9A8-44C1-B8F7-F300741100FF}.Debug|x86.Build.0 = Debug|Any CPU
		{AF09DB22-C9A8-44C1-B8F7-F300741100FF}.Release|Any CPU.ActiveCfg = Release|Any CPU
		{AF09DB22-C9A8-44C1-B8F7-F300741100FF}.Release|Any CPU.Build.0 = Release|Any CPU
		{AF09DB22-C9A8-44C1-B8F7-F300741100FF}.Release|x64.ActiveCfg = Release|Any CPU
		{AF09DB22-C9A8-44C1-B8F7-F300741100FF}.Release|x64.Build.0 = Release|Any CPU
		{AF09DB22-C9A8-44C1-B8F7-F300741100FF}.Release|x86.ActiveCfg = Release|Any CPU
		{AF09DB22-C9A8-44C1-B8F7-F300741100FF}.Release|x86.Build.0 = Release|Any CPU
		{13F1891C-8951-4AAE-95F7-1CAD12FBBFC8}.Debug|Any CPU.ActiveCfg = Debug|Any CPU
		{13F1891C-8951-4AAE-95F7-1CAD12FBBFC8}.Debug|Any CPU.Build.0 = Debug|Any CPU
		{13F1891C-8951-4AAE-95F7-1CAD12FBBFC8}.Debug|x64.ActiveCfg = Debug|Any CPU
		{13F1891C-8951-4AAE-95F7-1CAD12FBBFC8}.Debug|x64.Build.0 = Debug|Any CPU
		{13F1891C-8951-4AAE-95F7-1CAD12FBBFC8}.Debug|x86.ActiveCfg = Debug|Any CPU
		{13F1891C-8951-4AAE-95F7-1CAD12FBBFC8}.Debug|x86.Build.0 = Debug|Any CPU
		{13F1891C-8951-4AAE-95F7-1CAD12FBBFC8}.Release|Any CPU.ActiveCfg = Release|Any CPU
		{13F1891C-8951-4AAE-95F7-1CAD12FBBFC8}.Release|Any CPU.Build.0 = Release|Any CPU
		{13F1891C-8951-4AAE-95F7-1CAD12FBBFC8}.Release|x64.ActiveCfg = Release|Any CPU
		{13F1891C-8951-4AAE-95F7-1CAD12FBBFC8}.Release|x64.Build.0 = Release|Any CPU
		{13F1891C-8951-4AAE-95F7-1CAD12FBBFC8}.Release|x86.ActiveCfg = Release|Any CPU
		{13F1891C-8951-4AAE-95F7-1CAD12FBBFC8}.Release|x86.Build.0 = Release|Any CPU
	EndGlobalSection
EndGlobal
